// !$*UTF8*$!
{
	archiveVersion = 1;
	classes = {
	};
	objectVersion = 55;
	objects = {

/* Begin PBXBuildFile section */
		6327E0EF2A7E9A0E00681F1D /* ComicsByCharacterProvider.swift in Sources */ = {isa = PBXBuildFile; fileRef = 6327E0EE2A7E9A0E00681F1D /* ComicsByCharacterProvider.swift */; };
		6327E0F12A7E9DE700681F1D /* ComicsByCharacterResponse.swift in Sources */ = {isa = PBXBuildFile; fileRef = 6327E0F02A7E9DE700681F1D /* ComicsByCharacterResponse.swift */; };
		6327E0F42A7E9E5300681F1D /* ComicsByCharacterModel.swift in Sources */ = {isa = PBXBuildFile; fileRef = 6327E0F32A7E9E5300681F1D /* ComicsByCharacterModel.swift */; };
		63797EF82A1AF79B005E0D86 /* AppDelegate.swift in Sources */ = {isa = PBXBuildFile; fileRef = 63797EF72A1AF79B005E0D86 /* AppDelegate.swift */; };
		63797EFA2A1AF79B005E0D86 /* SceneDelegate.swift in Sources */ = {isa = PBXBuildFile; fileRef = 63797EF92A1AF79B005E0D86 /* SceneDelegate.swift */; };
		63797F012A1AF79E005E0D86 /* Assets.xcassets in Resources */ = {isa = PBXBuildFile; fileRef = 63797F002A1AF79E005E0D86 /* Assets.xcassets */; };
		63797F042A1AF79E005E0D86 /* LaunchScreen.storyboard in Resources */ = {isa = PBXBuildFile; fileRef = 63797F022A1AF79E005E0D86 /* LaunchScreen.storyboard */; };
		63B9B9D22A1EDE360025D3B0 /* MarvelApiClient.swift in Sources */ = {isa = PBXBuildFile; fileRef = 63B9B9D12A1EDE360025D3B0 /* MarvelApiClient.swift */; };
		63B9B9D52A1EE19F0025D3B0 /* MarvelCharactersResponse.swift in Sources */ = {isa = PBXBuildFile; fileRef = 63B9B9D42A1EE19F0025D3B0 /* MarvelCharactersResponse.swift */; };
		63B9B9D72A1EE3960025D3B0 /* CharacterModel.swift in Sources */ = {isa = PBXBuildFile; fileRef = 63B9B9D62A1EE3960025D3B0 /* CharacterModel.swift */; };
		63B9B9D92A1EE3D00025D3B0 /* ComicsResponse.swift in Sources */ = {isa = PBXBuildFile; fileRef = 63B9B9D82A1EE3D00025D3B0 /* ComicsResponse.swift */; };
		63B9B9DC2A253B720025D3B0 /* URLSession+dataTask.swift in Sources */ = {isa = PBXBuildFile; fileRef = 63B9B9DB2A253B720025D3B0 /* URLSession+dataTask.swift */; };
		63B9B9DF2A27F2EA0025D3B0 /* MarvelStyles.swift in Sources */ = {isa = PBXBuildFile; fileRef = 63B9B9DE2A27F2EA0025D3B0 /* MarvelStyles.swift */; };
		63B9B9E12A27F3300025D3B0 /* UIColor+Marvel.swift in Sources */ = {isa = PBXBuildFile; fileRef = 63B9B9E02A27F3300025D3B0 /* UIColor+Marvel.swift */; };
		63B9B9E32A27F3590025D3B0 /* UIFont+Marvel.swift in Sources */ = {isa = PBXBuildFile; fileRef = 63B9B9E22A27F3590025D3B0 /* UIFont+Marvel.swift */; };
		63B9B9E52A27FA400025D3B0 /* ImageHelper.swift in Sources */ = {isa = PBXBuildFile; fileRef = 63B9B9E42A27FA400025D3B0 /* ImageHelper.swift */; };
		63B9B9E72A27FC470025D3B0 /* UIImageView+URL.swift in Sources */ = {isa = PBXBuildFile; fileRef = 63B9B9E62A27FC470025D3B0 /* UIImageView+URL.swift */; };
		63B9B9EA2A27FC9A0025D3B0 /* UIImageLoader.swift in Sources */ = {isa = PBXBuildFile; fileRef = 63B9B9E92A27FC9A0025D3B0 /* UIImageLoader.swift */; };
		63B9B9EC2A2FC3680025D3B0 /* CharactersCollectionViewDataSource.swift in Sources */ = {isa = PBXBuildFile; fileRef = 63B9B9EB2A2FC3680025D3B0 /* CharactersCollectionViewDataSource.swift */; };
		63B9B9F42A2FC8500025D3B0 /* ItemDetailViewController.swift in Sources */ = {isa = PBXBuildFile; fileRef = 63B9B9F22A2FC8500025D3B0 /* ItemDetailViewController.swift */; };
		63B9B9F52A2FC8500025D3B0 /* ItemDetailViewController.xib in Resources */ = {isa = PBXBuildFile; fileRef = 63B9B9F32A2FC8500025D3B0 /* ItemDetailViewController.xib */; };
		63B9B9F82A2FC9320025D3B0 /* ItemDetailViewModel.swift in Sources */ = {isa = PBXBuildFile; fileRef = 63B9B9F72A2FC9320025D3B0 /* ItemDetailViewModel.swift */; };
		63B9B9FA2A37A8AA0025D3B0 /* spider.png in Resources */ = {isa = PBXBuildFile; fileRef = 63B9B9F92A37A8AA0025D3B0 /* spider.png */; };
		63B9BA022A44CFAA0025D3B0 /* ComicsModel.swift in Sources */ = {isa = PBXBuildFile; fileRef = 63B9BA012A44CFAA0025D3B0 /* ComicsModel.swift */; };
		63B9BA042A44DACF0025D3B0 /* ComicsCollectionViewDataSource.swift in Sources */ = {isa = PBXBuildFile; fileRef = 63B9BA032A44DACF0025D3B0 /* ComicsCollectionViewDataSource.swift */; };
		63F0DA792A1C0F7700BB26D5 /* HomeViewController.swift in Sources */ = {isa = PBXBuildFile; fileRef = 63F0DA772A1C0F7700BB26D5 /* HomeViewController.swift */; };
		63F0DA7A2A1C0F7700BB26D5 /* HomeViewController.xib in Resources */ = {isa = PBXBuildFile; fileRef = 63F0DA782A1C0F7700BB26D5 /* HomeViewController.xib */; };
		63F0DA7C2A1C0FAE00BB26D5 /* HomeViewModel.swift in Sources */ = {isa = PBXBuildFile; fileRef = 63F0DA7B2A1C0FAE00BB26D5 /* HomeViewModel.swift */; };
		63F0DA7E2A1C0FFC00BB26D5 /* HomeProvider.swift in Sources */ = {isa = PBXBuildFile; fileRef = 63F0DA7D2A1C0FFC00BB26D5 /* HomeProvider.swift */; };
		63F0DA852A1C122200BB26D5 /* HomeCollectionViewCell.swift in Sources */ = {isa = PBXBuildFile; fileRef = 63F0DA832A1C122200BB26D5 /* HomeCollectionViewCell.swift */; };
		63F0DA862A1C122200BB26D5 /* HomeCollectionViewCell.xib in Resources */ = {isa = PBXBuildFile; fileRef = 63F0DA842A1C122200BB26D5 /* HomeCollectionViewCell.xib */; };
/* End PBXBuildFile section */

/* Begin PBXFileReference section */
		6327E0EE2A7E9A0E00681F1D /* ComicsByCharacterProvider.swift */ = {isa = PBXFileReference; lastKnownFileType = sourcecode.swift; path = ComicsByCharacterProvider.swift; sourceTree = "<group>"; };
		6327E0F02A7E9DE700681F1D /* ComicsByCharacterResponse.swift */ = {isa = PBXFileReference; lastKnownFileType = sourcecode.swift; path = ComicsByCharacterResponse.swift; sourceTree = "<group>"; };
		6327E0F32A7E9E5300681F1D /* ComicsByCharacterModel.swift */ = {isa = PBXFileReference; lastKnownFileType = sourcecode.swift; path = ComicsByCharacterModel.swift; sourceTree = "<group>"; };
		63797EF42A1AF79B005E0D86 /* MarvelApp.app */ = {isa = PBXFileReference; explicitFileType = wrapper.application; includeInIndex = 0; path = MarvelApp.app; sourceTree = BUILT_PRODUCTS_DIR; };
		63797EF72A1AF79B005E0D86 /* AppDelegate.swift */ = {isa = PBXFileReference; lastKnownFileType = sourcecode.swift; path = AppDelegate.swift; sourceTree = "<group>"; };
		63797EF92A1AF79B005E0D86 /* SceneDelegate.swift */ = {isa = PBXFileReference; lastKnownFileType = sourcecode.swift; path = SceneDelegate.swift; sourceTree = "<group>"; };
		63797F002A1AF79E005E0D86 /* Assets.xcassets */ = {isa = PBXFileReference; lastKnownFileType = folder.assetcatalog; path = Assets.xcassets; sourceTree = "<group>"; };
		63797F032A1AF79E005E0D86 /* Base */ = {isa = PBXFileReference; lastKnownFileType = file.storyboard; name = Base; path = Base.lproj/LaunchScreen.storyboard; sourceTree = "<group>"; };
		63797F052A1AF79E005E0D86 /* Info.plist */ = {isa = PBXFileReference; lastKnownFileType = text.plist.xml; path = Info.plist; sourceTree = "<group>"; };
		63B9B9D12A1EDE360025D3B0 /* MarvelApiClient.swift */ = {isa = PBXFileReference; lastKnownFileType = sourcecode.swift; path = MarvelApiClient.swift; sourceTree = "<group>"; };
		63B9B9D42A1EE19F0025D3B0 /* MarvelCharactersResponse.swift */ = {isa = PBXFileReference; lastKnownFileType = sourcecode.swift; path = MarvelCharactersResponse.swift; sourceTree = "<group>"; };
		63B9B9D62A1EE3960025D3B0 /* CharacterModel.swift */ = {isa = PBXFileReference; lastKnownFileType = sourcecode.swift; path = CharacterModel.swift; sourceTree = "<group>"; };
		63B9B9D82A1EE3D00025D3B0 /* ComicsResponse.swift */ = {isa = PBXFileReference; lastKnownFileType = sourcecode.swift; path = ComicsResponse.swift; sourceTree = "<group>"; };
		63B9B9DB2A253B720025D3B0 /* URLSession+dataTask.swift */ = {isa = PBXFileReference; lastKnownFileType = sourcecode.swift; path = "URLSession+dataTask.swift"; sourceTree = "<group>"; };
		63B9B9DE2A27F2EA0025D3B0 /* MarvelStyles.swift */ = {isa = PBXFileReference; lastKnownFileType = sourcecode.swift; path = MarvelStyles.swift; sourceTree = "<group>"; };
		63B9B9E02A27F3300025D3B0 /* UIColor+Marvel.swift */ = {isa = PBXFileReference; lastKnownFileType = sourcecode.swift; path = "UIColor+Marvel.swift"; sourceTree = "<group>"; };
		63B9B9E22A27F3590025D3B0 /* UIFont+Marvel.swift */ = {isa = PBXFileReference; lastKnownFileType = sourcecode.swift; path = "UIFont+Marvel.swift"; sourceTree = "<group>"; };
		63B9B9E42A27FA400025D3B0 /* ImageHelper.swift */ = {isa = PBXFileReference; lastKnownFileType = sourcecode.swift; path = ImageHelper.swift; sourceTree = "<group>"; };
		63B9B9E62A27FC470025D3B0 /* UIImageView+URL.swift */ = {isa = PBXFileReference; lastKnownFileType = sourcecode.swift; path = "UIImageView+URL.swift"; sourceTree = "<group>"; };
		63B9B9E92A27FC9A0025D3B0 /* UIImageLoader.swift */ = {isa = PBXFileReference; lastKnownFileType = sourcecode.swift; path = UIImageLoader.swift; sourceTree = "<group>"; };
		63B9B9EB2A2FC3680025D3B0 /* CharactersCollectionViewDataSource.swift */ = {isa = PBXFileReference; lastKnownFileType = sourcecode.swift; path = CharactersCollectionViewDataSource.swift; sourceTree = "<group>"; };
		63B9B9F22A2FC8500025D3B0 /* ItemDetailViewController.swift */ = {isa = PBXFileReference; lastKnownFileType = sourcecode.swift; path = ItemDetailViewController.swift; sourceTree = "<group>"; };
		63B9B9F32A2FC8500025D3B0 /* ItemDetailViewController.xib */ = {isa = PBXFileReference; lastKnownFileType = file.xib; path = ItemDetailViewController.xib; sourceTree = "<group>"; };
		63B9B9F72A2FC9320025D3B0 /* ItemDetailViewModel.swift */ = {isa = PBXFileReference; lastKnownFileType = sourcecode.swift; path = ItemDetailViewModel.swift; sourceTree = "<group>"; };
		63B9B9F92A37A8AA0025D3B0 /* spider.png */ = {isa = PBXFileReference; lastKnownFileType = image.png; path = spider.png; sourceTree = "<group>"; };
		63B9BA012A44CFAA0025D3B0 /* ComicsModel.swift */ = {isa = PBXFileReference; lastKnownFileType = sourcecode.swift; path = ComicsModel.swift; sourceTree = "<group>"; };
		63B9BA032A44DACF0025D3B0 /* ComicsCollectionViewDataSource.swift */ = {isa = PBXFileReference; lastKnownFileType = sourcecode.swift; path = ComicsCollectionViewDataSource.swift; sourceTree = "<group>"; };
		63F0DA772A1C0F7700BB26D5 /* HomeViewController.swift */ = {isa = PBXFileReference; lastKnownFileType = sourcecode.swift; path = HomeViewController.swift; sourceTree = "<group>"; };
		63F0DA782A1C0F7700BB26D5 /* HomeViewController.xib */ = {isa = PBXFileReference; lastKnownFileType = file.xib; path = HomeViewController.xib; sourceTree = "<group>"; };
		63F0DA7B2A1C0FAE00BB26D5 /* HomeViewModel.swift */ = {isa = PBXFileReference; lastKnownFileType = sourcecode.swift; path = HomeViewModel.swift; sourceTree = "<group>"; };
		63F0DA7D2A1C0FFC00BB26D5 /* HomeProvider.swift */ = {isa = PBXFileReference; lastKnownFileType = sourcecode.swift; path = HomeProvider.swift; sourceTree = "<group>"; };
		63F0DA832A1C122200BB26D5 /* HomeCollectionViewCell.swift */ = {isa = PBXFileReference; lastKnownFileType = sourcecode.swift; path = HomeCollectionViewCell.swift; sourceTree = "<group>"; };
		63F0DA842A1C122200BB26D5 /* HomeCollectionViewCell.xib */ = {isa = PBXFileReference; lastKnownFileType = file.xib; path = HomeCollectionViewCell.xib; sourceTree = "<group>"; };
/* End PBXFileReference section */

/* Begin PBXFrameworksBuildPhase section */
		63797EF12A1AF79B005E0D86 /* Frameworks */ = {
			isa = PBXFrameworksBuildPhase;
			buildActionMask = 2147483647;
			files = (
			);
			runOnlyForDeploymentPostprocessing = 0;
		};
/* End PBXFrameworksBuildPhase section */

/* Begin PBXGroup section */
		6327E0EB2A7E995600681F1D /* Views */ = {
			isa = PBXGroup;
			children = (
			);
			path = Views;
			sourceTree = "<group>";
		};
		6327E0EC2A7E998400681F1D /* Models */ = {
			isa = PBXGroup;
			children = (
				6327E0F02A7E9DE700681F1D /* ComicsByCharacterResponse.swift */,
				6327E0F32A7E9E5300681F1D /* ComicsByCharacterModel.swift */,
			);
			path = Models;
			sourceTree = "<group>";
		};
		6327E0ED2A7E998E00681F1D /* API */ = {
			isa = PBXGroup;
			children = (
				6327E0EE2A7E9A0E00681F1D /* ComicsByCharacterProvider.swift */,
			);
			path = API;
			sourceTree = "<group>";
		};
		63797EEB2A1AF79B005E0D86 = {
			isa = PBXGroup;
			children = (
				63797EF62A1AF79B005E0D86 /* MarvelApp */,
				63797EF52A1AF79B005E0D86 /* Products */,
			);
			sourceTree = "<group>";
		};
		63797EF52A1AF79B005E0D86 /* Products */ = {
			isa = PBXGroup;
			children = (
				63797EF42A1AF79B005E0D86 /* MarvelApp.app */,
			);
			name = Products;
			sourceTree = "<group>";
		};
		63797EF62A1AF79B005E0D86 /* MarvelApp */ = {
			isa = PBXGroup;
			children = (
				63F0DA6E2A1C061600BB26D5 /* 📱 */,
				63B9B9DD2A27F2B80025D3B0 /* Styles */,
				63F0DA6F2A1C064500BB26D5 /* Resources */,
			);
			path = MarvelApp;
			sourceTree = "<group>";
		};
		63B9B9D02A1EDDEA0025D3B0 /* Commons */ = {
			isa = PBXGroup;
			children = (
				63B9B9D12A1EDE360025D3B0 /* MarvelApiClient.swift */,
			);
			path = Commons;
			sourceTree = "<group>";
		};
		63B9B9D32A1EE1780025D3B0 /* Models */ = {
			isa = PBXGroup;
			children = (
				63B9B9D42A1EE19F0025D3B0 /* MarvelCharactersResponse.swift */,
				63B9B9D62A1EE3960025D3B0 /* CharacterModel.swift */,
				63B9B9D82A1EE3D00025D3B0 /* ComicsResponse.swift */,
				63B9BA012A44CFAA0025D3B0 /* ComicsModel.swift */,
			);
			path = Models;
			sourceTree = "<group>";
		};
		63B9B9DA2A253B5C0025D3B0 /* Extensions */ = {
			isa = PBXGroup;
			children = (
				63B9B9DB2A253B720025D3B0 /* URLSession+dataTask.swift */,
				63B9B9E62A27FC470025D3B0 /* UIImageView+URL.swift */,
			);
			path = Extensions;
			sourceTree = "<group>";
		};
		63B9B9DD2A27F2B80025D3B0 /* Styles */ = {
			isa = PBXGroup;
			children = (
				63B9B9DE2A27F2EA0025D3B0 /* MarvelStyles.swift */,
				63B9B9E02A27F3300025D3B0 /* UIColor+Marvel.swift */,
				63B9B9E22A27F3590025D3B0 /* UIFont+Marvel.swift */,
			);
			path = Styles;
			sourceTree = "<group>";
		};
		63B9B9E82A27FC860025D3B0 /* Helpers */ = {
			isa = PBXGroup;
			children = (
				63B9B9E42A27FA400025D3B0 /* ImageHelper.swift */,
				63B9B9E92A27FC9A0025D3B0 /* UIImageLoader.swift */,
			);
			path = Helpers;
			sourceTree = "<group>";
		};
		63B9B9ED2A2FC55F0025D3B0 /* Data Source */ = {
			isa = PBXGroup;
			children = (
				63B9B9EB2A2FC3680025D3B0 /* CharactersCollectionViewDataSource.swift */,
				63B9BA032A44DACF0025D3B0 /* ComicsCollectionViewDataSource.swift */,
			);
			path = "Data Source";
			sourceTree = "<group>";
		};
		63B9B9EE2A2FC7A30025D3B0 /* ViewController */ = {
			isa = PBXGroup;
			children = (
				63B9B9F22A2FC8500025D3B0 /* ItemDetailViewController.swift */,
				63B9B9F32A2FC8500025D3B0 /* ItemDetailViewController.xib */,
			);
			path = ViewController;
			sourceTree = "<group>";
		};
		63B9B9F62A2FC9080025D3B0 /* ViewModel */ = {
			isa = PBXGroup;
			children = (
				63B9B9F72A2FC9320025D3B0 /* ItemDetailViewModel.swift */,
			);
			path = ViewModel;
			sourceTree = "<group>";
		};
		63F0DA6E2A1C061600BB26D5 /* 📱 */ = {
			isa = PBXGroup;
			children = (
				63B9B9E82A27FC860025D3B0 /* Helpers */,
				63B9B9DA2A253B5C0025D3B0 /* Extensions */,
				63B9B9D02A1EDDEA0025D3B0 /* Commons */,
				63F0DA702A1C0E3A00BB26D5 /* Modules */,
			);
			path = "📱";
			sourceTree = "<group>";
		};
		63F0DA6F2A1C064500BB26D5 /* Resources */ = {
			isa = PBXGroup;
			children = (
				63797F052A1AF79E005E0D86 /* Info.plist */,
				63797F002A1AF79E005E0D86 /* Assets.xcassets */,
				63B9B9F92A37A8AA0025D3B0 /* spider.png */,
				63797F022A1AF79E005E0D86 /* LaunchScreen.storyboard */,
				63797EF92A1AF79B005E0D86 /* SceneDelegate.swift */,
				63797EF72A1AF79B005E0D86 /* AppDelegate.swift */,
			);
			path = Resources;
			sourceTree = "<group>";
		};
		63F0DA702A1C0E3A00BB26D5 /* Modules */ = {
			isa = PBXGroup;
			children = (
				63F0DA892A1C25FB00BB26D5 /* Item detail */,
				63F0DA712A1C0E4300BB26D5 /* Home */,
			);
			path = Modules;
			sourceTree = "<group>";
		};
		63F0DA712A1C0E4300BB26D5 /* Home */ = {
			isa = PBXGroup;
			children = (
				63B9B9D32A1EE1780025D3B0 /* Models */,
				63F0DA752A1C0EC700BB26D5 /* API */,
				63F0DA742A1C0EB600BB26D5 /* Controller */,
				63F0DA732A1C0EAC00BB26D5 /* View Model */,
				63F0DA722A1C0E9E00BB26D5 /* Views */,
			);
			path = Home;
			sourceTree = "<group>";
		};
		63F0DA722A1C0E9E00BB26D5 /* Views */ = {
			isa = PBXGroup;
			children = (
				63F0DA832A1C122200BB26D5 /* HomeCollectionViewCell.swift */,
				63F0DA842A1C122200BB26D5 /* HomeCollectionViewCell.xib */,
			);
			path = Views;
			sourceTree = "<group>";
		};
		63F0DA732A1C0EAC00BB26D5 /* View Model */ = {
			isa = PBXGroup;
			children = (
				63F0DA7B2A1C0FAE00BB26D5 /* HomeViewModel.swift */,
			);
			path = "View Model";
			sourceTree = "<group>";
		};
		63F0DA742A1C0EB600BB26D5 /* Controller */ = {
			isa = PBXGroup;
			children = (
				63B9B9ED2A2FC55F0025D3B0 /* Data Source */,
				63F0DA772A1C0F7700BB26D5 /* HomeViewController.swift */,
				63F0DA782A1C0F7700BB26D5 /* HomeViewController.xib */,
			);
			path = Controller;
			sourceTree = "<group>";
		};
		63F0DA752A1C0EC700BB26D5 /* API */ = {
			isa = PBXGroup;
			children = (
				63F0DA7D2A1C0FFC00BB26D5 /* HomeProvider.swift */,
			);
			path = API;
			sourceTree = "<group>";
		};
		63F0DA892A1C25FB00BB26D5 /* Item detail */ = {
			isa = PBXGroup;
			children = (
				6327E0ED2A7E998E00681F1D /* API */,
				6327E0EC2A7E998400681F1D /* Models */,
				6327E0EB2A7E995600681F1D /* Views */,
				63B9B9F62A2FC9080025D3B0 /* ViewModel */,
				63B9B9EE2A2FC7A30025D3B0 /* ViewController */,
			);
			path = "Item detail";
			sourceTree = "<group>";
		};
/* End PBXGroup section */

/* Begin PBXNativeTarget section */
		63797EF32A1AF79B005E0D86 /* MarvelApp */ = {
			isa = PBXNativeTarget;
			buildConfigurationList = 63797F082A1AF79E005E0D86 /* Build configuration list for PBXNativeTarget "MarvelApp" */;
			buildPhases = (
				63797EF02A1AF79B005E0D86 /* Sources */,
				63797EF12A1AF79B005E0D86 /* Frameworks */,
				63797EF22A1AF79B005E0D86 /* Resources */,
			);
			buildRules = (
			);
			dependencies = (
			);
			name = MarvelApp;
			productName = MarvelApp;
			productReference = 63797EF42A1AF79B005E0D86 /* MarvelApp.app */;
			productType = "com.apple.product-type.application";
		};
/* End PBXNativeTarget section */

/* Begin PBXProject section */
		63797EEC2A1AF79B005E0D86 /* Project object */ = {
			isa = PBXProject;
			attributes = {
				BuildIndependentTargetsInParallel = 1;
				LastSwiftUpdateCheck = 1300;
				LastUpgradeCheck = 1300;
				TargetAttributes = {
					63797EF32A1AF79B005E0D86 = {
						CreatedOnToolsVersion = 13.0;
					};
				};
			};
			buildConfigurationList = 63797EEF2A1AF79B005E0D86 /* Build configuration list for PBXProject "MarvelApp" */;
			compatibilityVersion = "Xcode 13.0";
			developmentRegion = en;
			hasScannedForEncodings = 0;
			knownRegions = (
				en,
				Base,
			);
			mainGroup = 63797EEB2A1AF79B005E0D86;
			productRefGroup = 63797EF52A1AF79B005E0D86 /* Products */;
			projectDirPath = "";
			projectRoot = "";
			targets = (
				63797EF32A1AF79B005E0D86 /* MarvelApp */,
			);
		};
/* End PBXProject section */

/* Begin PBXResourcesBuildPhase section */
		63797EF22A1AF79B005E0D86 /* Resources */ = {
			isa = PBXResourcesBuildPhase;
			buildActionMask = 2147483647;
			files = (
				63F0DA862A1C122200BB26D5 /* HomeCollectionViewCell.xib in Resources */,
				63797F042A1AF79E005E0D86 /* LaunchScreen.storyboard in Resources */,
				63797F012A1AF79E005E0D86 /* Assets.xcassets in Resources */,
				63B9B9F52A2FC8500025D3B0 /* ItemDetailViewController.xib in Resources */,
				63B9B9FA2A37A8AA0025D3B0 /* spider.png in Resources */,
				63F0DA7A2A1C0F7700BB26D5 /* HomeViewController.xib in Resources */,
			);
			runOnlyForDeploymentPostprocessing = 0;
		};
/* End PBXResourcesBuildPhase section */

/* Begin PBXSourcesBuildPhase section */
		63797EF02A1AF79B005E0D86 /* Sources */ = {
			isa = PBXSourcesBuildPhase;
			buildActionMask = 2147483647;
			files = (
				63B9B9DF2A27F2EA0025D3B0 /* MarvelStyles.swift in Sources */,
				63B9B9D22A1EDE360025D3B0 /* MarvelApiClient.swift in Sources */,
				63B9B9F42A2FC8500025D3B0 /* ItemDetailViewController.swift in Sources */,
				63B9BA042A44DACF0025D3B0 /* ComicsCollectionViewDataSource.swift in Sources */,
				63F0DA7C2A1C0FAE00BB26D5 /* HomeViewModel.swift in Sources */,
				63B9B9E32A27F3590025D3B0 /* UIFont+Marvel.swift in Sources */,
				63F0DA7E2A1C0FFC00BB26D5 /* HomeProvider.swift in Sources */,
				63B9B9EA2A27FC9A0025D3B0 /* UIImageLoader.swift in Sources */,
				63B9B9D92A1EE3D00025D3B0 /* ComicsResponse.swift in Sources */,
				63B9B9D72A1EE3960025D3B0 /* CharacterModel.swift in Sources */,
				63F0DA852A1C122200BB26D5 /* HomeCollectionViewCell.swift in Sources */,
				63797EF82A1AF79B005E0D86 /* AppDelegate.swift in Sources */,
				63797EFA2A1AF79B005E0D86 /* SceneDelegate.swift in Sources */,
				63B9BA022A44CFAA0025D3B0 /* ComicsModel.swift in Sources */,
				63B9B9E72A27FC470025D3B0 /* UIImageView+URL.swift in Sources */,
				6327E0F12A7E9DE700681F1D /* ComicsByCharacterResponse.swift in Sources */,
				63B9B9D52A1EE19F0025D3B0 /* MarvelCharactersResponse.swift in Sources */,
				6327E0F42A7E9E5300681F1D /* ComicsByCharacterModel.swift in Sources */,
				6327E0EF2A7E9A0E00681F1D /* ComicsByCharacterProvider.swift in Sources */,
				63B9B9E52A27FA400025D3B0 /* ImageHelper.swift in Sources */,
				63B9B9EC2A2FC3680025D3B0 /* CharactersCollectionViewDataSource.swift in Sources */,
				63F0DA792A1C0F7700BB26D5 /* HomeViewController.swift in Sources */,
				63B9B9F82A2FC9320025D3B0 /* ItemDetailViewModel.swift in Sources */,
				63B9B9E12A27F3300025D3B0 /* UIColor+Marvel.swift in Sources */,
				63B9B9DC2A253B720025D3B0 /* URLSession+dataTask.swift in Sources */,
			);
			runOnlyForDeploymentPostprocessing = 0;
		};
/* End PBXSourcesBuildPhase section */

/* Begin PBXVariantGroup section */
		63797F022A1AF79E005E0D86 /* LaunchScreen.storyboard */ = {
			isa = PBXVariantGroup;
			children = (
				63797F032A1AF79E005E0D86 /* Base */,
			);
			name = LaunchScreen.storyboard;
			sourceTree = "<group>";
		};
/* End PBXVariantGroup section */

/* Begin XCBuildConfiguration section */
		63797F062A1AF79E005E0D86 /* Debug */ = {
			isa = XCBuildConfiguration;
			buildSettings = {
				ALWAYS_SEARCH_USER_PATHS = NO;
				CLANG_ANALYZER_NONNULL = YES;
				CLANG_ANALYZER_NUMBER_OBJECT_CONVERSION = YES_AGGRESSIVE;
				CLANG_CXX_LANGUAGE_STANDARD = "gnu++17";
				CLANG_CXX_LIBRARY = "libc++";
				CLANG_ENABLE_MODULES = YES;
				CLANG_ENABLE_OBJC_ARC = YES;
				CLANG_ENABLE_OBJC_WEAK = YES;
				CLANG_WARN_BLOCK_CAPTURE_AUTORELEASING = YES;
				CLANG_WARN_BOOL_CONVERSION = YES;
				CLANG_WARN_COMMA = YES;
				CLANG_WARN_CONSTANT_CONVERSION = YES;
				CLANG_WARN_DEPRECATED_OBJC_IMPLEMENTATIONS = YES;
				CLANG_WARN_DIRECT_OBJC_ISA_USAGE = YES_ERROR;
				CLANG_WARN_DOCUMENTATION_COMMENTS = YES;
				CLANG_WARN_EMPTY_BODY = YES;
				CLANG_WARN_ENUM_CONVERSION = YES;
				CLANG_WARN_INFINITE_RECURSION = YES;
				CLANG_WARN_INT_CONVERSION = YES;
				CLANG_WARN_NON_LITERAL_NULL_CONVERSION = YES;
				CLANG_WARN_OBJC_IMPLICIT_RETAIN_SELF = YES;
				CLANG_WARN_OBJC_LITERAL_CONVERSION = YES;
				CLANG_WARN_OBJC_ROOT_CLASS = YES_ERROR;
				CLANG_WARN_QUOTED_INCLUDE_IN_FRAMEWORK_HEADER = YES;
				CLANG_WARN_RANGE_LOOP_ANALYSIS = YES;
				CLANG_WARN_STRICT_PROTOTYPES = YES;
				CLANG_WARN_SUSPICIOUS_MOVE = YES;
				CLANG_WARN_UNGUARDED_AVAILABILITY = YES_AGGRESSIVE;
				CLANG_WARN_UNREACHABLE_CODE = YES;
				CLANG_WARN__DUPLICATE_METHOD_MATCH = YES;
				COPY_PHASE_STRIP = NO;
				DEBUG_INFORMATION_FORMAT = dwarf;
				ENABLE_STRICT_OBJC_MSGSEND = YES;
				ENABLE_TESTABILITY = YES;
				GCC_C_LANGUAGE_STANDARD = gnu11;
				GCC_DYNAMIC_NO_PIC = NO;
				GCC_NO_COMMON_BLOCKS = YES;
				GCC_OPTIMIZATION_LEVEL = 0;
				GCC_PREPROCESSOR_DEFINITIONS = (
					"DEBUG=1",
					"$(inherited)",
				);
				GCC_WARN_64_TO_32_BIT_CONVERSION = YES;
				GCC_WARN_ABOUT_RETURN_TYPE = YES_ERROR;
				GCC_WARN_UNDECLARED_SELECTOR = YES;
				GCC_WARN_UNINITIALIZED_AUTOS = YES_AGGRESSIVE;
				GCC_WARN_UNUSED_FUNCTION = YES;
				GCC_WARN_UNUSED_VARIABLE = YES;
				IPHONEOS_DEPLOYMENT_TARGET = 15.0;
				MTL_ENABLE_DEBUG_INFO = INCLUDE_SOURCE;
				MTL_FAST_MATH = YES;
				NEW_SETTING1 = "";
				ONLY_ACTIVE_ARCH = YES;
				PRIVATE_API_KEY = 8d666f0a4771ccfcd7f53ff0bb8dd17c4bfb4486;
				PUBLIC_API_KEY = 5c1217d539e79f5a0fcd7bddb9cdcf87;
				SDKROOT = iphoneos;
				SWIFT_ACTIVE_COMPILATION_CONDITIONS = DEBUG;
				SWIFT_OPTIMIZATION_LEVEL = "-Onone";
			};
			name = Debug;
		};
		63797F072A1AF79E005E0D86 /* Release */ = {
			isa = XCBuildConfiguration;
			buildSettings = {
				ALWAYS_SEARCH_USER_PATHS = NO;
				CLANG_ANALYZER_NONNULL = YES;
				CLANG_ANALYZER_NUMBER_OBJECT_CONVERSION = YES_AGGRESSIVE;
				CLANG_CXX_LANGUAGE_STANDARD = "gnu++17";
				CLANG_CXX_LIBRARY = "libc++";
				CLANG_ENABLE_MODULES = YES;
				CLANG_ENABLE_OBJC_ARC = YES;
				CLANG_ENABLE_OBJC_WEAK = YES;
				CLANG_WARN_BLOCK_CAPTURE_AUTORELEASING = YES;
				CLANG_WARN_BOOL_CONVERSION = YES;
				CLANG_WARN_COMMA = YES;
				CLANG_WARN_CONSTANT_CONVERSION = YES;
				CLANG_WARN_DEPRECATED_OBJC_IMPLEMENTATIONS = YES;
				CLANG_WARN_DIRECT_OBJC_ISA_USAGE = YES_ERROR;
				CLANG_WARN_DOCUMENTATION_COMMENTS = YES;
				CLANG_WARN_EMPTY_BODY = YES;
				CLANG_WARN_ENUM_CONVERSION = YES;
				CLANG_WARN_INFINITE_RECURSION = YES;
				CLANG_WARN_INT_CONVERSION = YES;
				CLANG_WARN_NON_LITERAL_NULL_CONVERSION = YES;
				CLANG_WARN_OBJC_IMPLICIT_RETAIN_SELF = YES;
				CLANG_WARN_OBJC_LITERAL_CONVERSION = YES;
				CLANG_WARN_OBJC_ROOT_CLASS = YES_ERROR;
				CLANG_WARN_QUOTED_INCLUDE_IN_FRAMEWORK_HEADER = YES;
				CLANG_WARN_RANGE_LOOP_ANALYSIS = YES;
				CLANG_WARN_STRICT_PROTOTYPES = YES;
				CLANG_WARN_SUSPICIOUS_MOVE = YES;
				CLANG_WARN_UNGUARDED_AVAILABILITY = YES_AGGRESSIVE;
				CLANG_WARN_UNREACHABLE_CODE = YES;
				CLANG_WARN__DUPLICATE_METHOD_MATCH = YES;
				COPY_PHASE_STRIP = NO;
				DEBUG_INFORMATION_FORMAT = "dwarf-with-dsym";
				ENABLE_NS_ASSERTIONS = NO;
				ENABLE_STRICT_OBJC_MSGSEND = YES;
				GCC_C_LANGUAGE_STANDARD = gnu11;
				GCC_NO_COMMON_BLOCKS = YES;
				GCC_WARN_64_TO_32_BIT_CONVERSION = YES;
				GCC_WARN_ABOUT_RETURN_TYPE = YES_ERROR;
				GCC_WARN_UNDECLARED_SELECTOR = YES;
				GCC_WARN_UNINITIALIZED_AUTOS = YES_AGGRESSIVE;
				GCC_WARN_UNUSED_FUNCTION = YES;
				GCC_WARN_UNUSED_VARIABLE = YES;
				IPHONEOS_DEPLOYMENT_TARGET = 15.0;
				MTL_ENABLE_DEBUG_INFO = NO;
				MTL_FAST_MATH = YES;
				NEW_SETTING1 = "";
				PRIVATE_API_KEY = 8d666f0a4771ccfcd7f53ff0bb8dd17c4bfb4486;
				PUBLIC_API_KEY = 5c1217d539e79f5a0fcd7bddb9cdcf87;
				SDKROOT = iphoneos;
				SWIFT_COMPILATION_MODE = wholemodule;
				SWIFT_OPTIMIZATION_LEVEL = "-O";
				VALIDATE_PRODUCT = YES;
			};
			name = Release;
		};
		63797F092A1AF79E005E0D86 /* Debug */ = {
			isa = XCBuildConfiguration;
			buildSettings = {
				ASSETCATALOG_COMPILER_APPICON_NAME = AppIcon;
				ASSETCATALOG_COMPILER_GLOBAL_ACCENT_COLOR_NAME = AccentColor;
				CODE_SIGN_STYLE = Automatic;
				CURRENT_PROJECT_VERSION = 1;
				GENERATE_INFOPLIST_FILE = YES;
				INFOPLIST_FILE = MarvelApp/Resources/Info.plist;
				INFOPLIST_KEY_UIApplicationSupportsIndirectInputEvents = YES;
				INFOPLIST_KEY_UILaunchStoryboardName = LaunchScreen;
				INFOPLIST_KEY_UISupportedInterfaceOrientations_iPad = "UIInterfaceOrientationPortrait UIInterfaceOrientationPortraitUpsideDown UIInterfaceOrientationLandscapeLeft UIInterfaceOrientationLandscapeRight";
				INFOPLIST_KEY_UISupportedInterfaceOrientations_iPhone = "UIInterfaceOrientationPortrait UIInterfaceOrientationLandscapeLeft UIInterfaceOrientationLandscapeRight";
				LD_RUNPATH_SEARCH_PATHS = (
					"$(inherited)",
					"@executable_path/Frameworks",
				);
				MARKETING_VERSION = 1.0;
				PRODUCT_BUNDLE_IDENTIFIER = gDaLuz.MarvelApp;
				PRODUCT_NAME = "$(TARGET_NAME)";
				SWIFT_EMIT_LOC_STRINGS = YES;
				SWIFT_VERSION = 5.0;
				TARGETED_DEVICE_FAMILY = "1,2";
			};
			name = Debug;
		};
		63797F0A2A1AF79E005E0D86 /* Release */ = {
			isa = XCBuildConfiguration;
			buildSettings = {
				ASSETCATALOG_COMPILER_APPICON_NAME = AppIcon;
				ASSETCATALOG_COMPILER_GLOBAL_ACCENT_COLOR_NAME = AccentColor;
				CODE_SIGN_STYLE = Automatic;
				CURRENT_PROJECT_VERSION = 1;
				GENERATE_INFOPLIST_FILE = YES;
				INFOPLIST_FILE = MarvelApp/Resources/Info.plist;
				INFOPLIST_KEY_UIApplicationSupportsIndirectInputEvents = YES;
				INFOPLIST_KEY_UILaunchStoryboardName = LaunchScreen;
				INFOPLIST_KEY_UISupportedInterfaceOrientations_iPad = "UIInterfaceOrientationPortrait UIInterfaceOrientationPortraitUpsideDown UIInterfaceOrientationLandscapeLeft UIInterfaceOrientationLandscapeRight";
				INFOPLIST_KEY_UISupportedInterfaceOrientations_iPhone = "UIInterfaceOrientationPortrait UIInterfaceOrientationLandscapeLeft UIInterfaceOrientationLandscapeRight";
				LD_RUNPATH_SEARCH_PATHS = (
					"$(inherited)",
					"@executable_path/Frameworks",
				);
				MARKETING_VERSION = 1.0;
				PRODUCT_BUNDLE_IDENTIFIER = gDaLuz.MarvelApp;
				PRODUCT_NAME = "$(TARGET_NAME)";
				SWIFT_EMIT_LOC_STRINGS = YES;
				SWIFT_VERSION = 5.0;
				TARGETED_DEVICE_FAMILY = "1,2";
			};
			name = Release;
		};
/* End XCBuildConfiguration section */

/* Begin XCConfigurationList section */
		63797EEF2A1AF79B005E0D86 /* Build configuration list for PBXProject "MarvelApp" */ = {
			isa = XCConfigurationList;
			buildConfigurations = (
				63797F062A1AF79E005E0D86 /* Debug */,
				63797F072A1AF79E005E0D86 /* Release */,
			);
			defaultConfigurationIsVisible = 0;
			defaultConfigurationName = Release;
		};
		63797F082A1AF79E005E0D86 /* Build configuration list for PBXNativeTarget "MarvelApp" */ = {
			isa = XCConfigurationList;
			buildConfigurations = (
				63797F092A1AF79E005E0D86 /* Debug */,
				63797F0A2A1AF79E005E0D86 /* Release */,
			);
			defaultConfigurationIsVisible = 0;
			defaultConfigurationName = Release;
		};
/* End XCConfigurationList section */
	};
	rootObject = 63797EEC2A1AF79B005E0D86 /* Project object */;
}
